
Microsoft Visual Studio Solution File, Format Version 12.00
# Visual Studio Version 17
VisualStudioVersion = 17.0.31903.59
MinimumVisualStudioVersion = 10.0.40219.1
Project("{2150E333-8FDC-42A3-9474-1A3956D46DE8}") = "src", "src", "{827E0CD3-B72D-47B6-A68D-7590B98EB39B}"
EndProject
Project("{FAE04EC0-301F-11D3-BF4B-00C04F79EFBC}") = "OrionERP.Domain", "src\OrionERP.Domain\OrionERP.Domain.csproj", "{27EEA523-AC8B-487F-B52F-2B7C1620D9C7}"
EndProject
Project("{FAE04EC0-301F-11D3-BF4B-00C04F79EFBC}") = "OrionERP.Application", "src\OrionERP.Application\OrionERP.Application.csproj", "{71D2940D-F07F-4DB5-9F2E-C9962E1B8D2F}"
EndProject
Project("{FAE04EC0-301F-11D3-BF4B-00C04F79EFBC}") = "OrionERP.Infrastructure", "src\OrionERP.Infrastructure\OrionERP.Infrastructure.csproj", "{5EE7C1BF-BF9A-4836-9547-B3E23EF79C1D}"
EndProject
Project("{FAE04EC0-301F-11D3-BF4B-00C04F79EFBC}") = "OrionERP.Web", "src\OrionERP.Web\OrionERP.Web.csproj", "{D582261B-F144-4FBE-AF2B-B922C4F527DD}"
EndProject
Project("{FAE04EC0-301F-11D3-BF4B-00C04F79EFBC}") = "OrionERP.UnitTests", "tests\OrionERP.UnitTests\OrionERP.UnitTests.csproj", "{DB1DE891-290D-4C05-8CF2-5C4A0D0BADC7}"
EndProject
Project("{FAE04EC0-301F-11D3-BF4B-00C04F79EFBC}") = "OrionERP.IntegrationTests", "tests\OrionERP.IntegrationTests\OrionERP.IntegrationTests.csproj", "{E496D761-A8FF-4739-ADD1-5E7388DDA50D}"
EndProject
Project("{FAE04EC0-301F-11D3-BF4B-00C04F79EFBC}") = "Sat.MassiveDownload", "..\SatMassiveDownload\SatMassiveDownload\Sat.MassiveDownload.csproj", "{3824857B-BF69-3226-9768-5221D8F76CDF}"
EndProject
Global
	GlobalSection(SolutionConfigurationPlatforms) = preSolution
		Debug|Any CPU = Debug|Any CPU
		Debug|x64 = Debug|x64
		Debug|x86 = Debug|x86
		Release|Any CPU = Release|Any CPU
		Release|x64 = Release|x64
		Release|x86 = Release|x86
	EndGlobalSection
	GlobalSection(ProjectConfigurationPlatforms) = postSolution
		{27EEA523-AC8B-487F-B52F-2B7C1620D9C7}.Debug|Any CPU.ActiveCfg = Debug|Any CPU
		{27EEA523-AC8B-487F-B52F-2B7C1620D9C7}.Debug|Any CPU.Build.0 = Debug|Any CPU
		{27EEA523-AC8B-487F-B52F-2B7C1620D9C7}.Debug|x64.ActiveCfg = Debug|Any CPU
		{27EEA523-AC8B-487F-B52F-2B7C1620D9C7}.Debug|x64.Build.0 = Debug|Any CPU
		{27EEA523-AC8B-487F-B52F-2B7C1620D9C7}.Debug|x86.ActiveCfg = Debug|Any CPU
		{27EEA523-AC8B-487F-B52F-2B7C1620D9C7}.Debug|x86.Build.0 = Debug|Any CPU
		{27EEA523-AC8B-487F-B52F-2B7C1620D9C7}.Release|Any CPU.ActiveCfg = Release|Any CPU
		{27EEA523-AC8B-487F-B52F-2B7C1620D9C7}.Release|Any CPU.Build.0 = Release|Any CPU
		{27EEA523-AC8B-487F-B52F-2B7C1620D9C7}.Release|x64.ActiveCfg = Release|Any CPU
		{27EEA523-AC8B-487F-B52F-2B7C1620D9C7}.Release|x64.Build.0 = Release|Any CPU
		{27EEA523-AC8B-487F-B52F-2B7C1620D9C7}.Release|x86.ActiveCfg = Release|Any CPU
		{27EEA523-AC8B-487F-B52F-2B7C1620D9C7}.Release|x86.Build.0 = Release|Any CPU
		{71D2940D-F07F-4DB5-9F2E-C9962E1B8D2F}.Debug|Any CPU.ActiveCfg = Debug|Any CPU
		{71D2940D-F07F-4DB5-9F2E-C9962E1B8D2F}.Debug|Any CPU.Build.0 = Debug|Any CPU
		{71D2940D-F07F-4DB5-9F2E-C9962E1B8D2F}.Debug|x64.ActiveCfg = Debug|Any CPU
		{71D2940D-F07F-4DB5-9F2E-C9962E1B8D2F}.Debug|x64.Build.0 = Debug|Any CPU
		{71D2940D-F07F-4DB5-9F2E-C9962E1B8D2F}.Debug|x86.ActiveCfg = Debug|Any CPU
		{71D2940D-F07F-4DB5-9F2E-C9962E1B8D2F}.Debug|x86.Build.0 = Debug|Any CPU
		{71D2940D-F07F-4DB5-9F2E-C9962E1B8D2F}.Release|Any CPU.ActiveCfg = Release|Any CPU
		{71D2940D-F07F-4DB5-9F2E-C9962E1B8D2F}.Release|Any CPU.Build.0 = Release|Any CPU
		{71D2940D-F07F-4DB5-9F2E-C9962E1B8D2F}.Release|x64.ActiveCfg = Release|Any CPU
		{71D2940D-F07F-4DB5-9F2E-C9962E1B8D2F}.Release|x64.Build.0 = Release|Any CPU
		{71D2940D-F07F-4DB5-9F2E-C9962E1B8D2F}.Release|x86.ActiveCfg = Release|Any CPU
		{71D2940D-F07F-4DB5-9F2E-C9962E1B8D2F}.Release|x86.Build.0 = Release|Any CPU
		{5EE7C1BF-BF9A-4836-9547-B3E23EF79C1D}.Debug|Any CPU.ActiveCfg = Debug|Any CPU
		{5EE7C1BF-BF9A-4836-9547-B3E23EF79C1D}.Debug|Any CPU.Build.0 = Debug|Any CPU
		{5EE7C1BF-BF9A-4836-9547-B3E23EF79C1D}.Debug|x64.ActiveCfg = Debug|Any CPU
		{5EE7C1BF-BF9A-4836-9547-B3E23EF79C1D}.Debug|x64.Build.0 = Debug|Any CPU
		{5EE7C1BF-BF9A-4836-9547-B3E23EF79C1D}.Debug|x86.ActiveCfg = Debug|Any CPU
		{5EE7C1BF-BF9A-4836-9547-B3E23EF79C1D}.Debug|x86.Build.0 = Debug|Any CPU
		{5EE7C1BF-BF9A-4836-9547-B3E23EF79C1D}.Release|Any CPU.ActiveCfg = Release|Any CPU
		{5EE7C1BF-BF9A-4836-9547-B3E23EF79C1D}.Release|Any CPU.Build.0 = Release|Any CPU
		{5EE7C1BF-BF9A-4836-9547-B3E23EF79C1D}.Release|x64.ActiveCfg = Release|Any CPU
		{5EE7C1BF-BF9A-4836-9547-B3E23EF79C1D}.Release|x64.Build.0 = Release|Any CPU
		{5EE7C1BF-BF9A-4836-9547-B3E23EF79C1D}.Release|x86.ActiveCfg = Release|Any CPU
		{5EE7C1BF-BF9A-4836-9547-B3E23EF79C1D}.Release|x86.Build.0 = Release|Any CPU
		{D582261B-F144-4FBE-AF2B-B922C4F527DD}.Debug|Any CPU.ActiveCfg = Debug|Any CPU
		{D582261B-F144-4FBE-AF2B-B922C4F527DD}.Debug|Any CPU.Build.0 = Debug|Any CPU
		{D582261B-F144-4FBE-AF2B-B922C4F527DD}.Debug|x64.ActiveCfg = Debug|Any CPU
		{D582261B-F144-4FBE-AF2B-B922C4F527DD}.Debug|x64.Build.0 = Debug|Any CPU
		{D582261B-F144-4FBE-AF2B-B922C4F527DD}.Debug|x86.ActiveCfg = Debug|Any CPU
		{D582261B-F144-4FBE-AF2B-B922C4F527DD}.Debug|x86.Build.0 = Debug|Any CPU
		{D582261B-F144-4FBE-AF2B-B922C4F527DD}.Release|Any CPU.ActiveCfg = Release|Any CPU
		{D582261B-F144-4FBE-AF2B-B922C4F527DD}.Release|Any CPU.Build.0 = Release|Any CPU
		{D582261B-F144-4FBE-AF2B-B922C4F527DD}.Release|x64.ActiveCfg = Release|Any CPU
		{D582261B-F144-4FBE-AF2B-B922C4F527DD}.Release|x64.Build.0 = Release|Any CPU
		{D582261B-F144-4FBE-AF2B-B922C4F527DD}.Release|x86.ActiveCfg = Release|Any CPU
		{D582261B-F144-4FBE-AF2B-B922C4F527DD}.Release|x86.Build.0 = Release|Any CPU
		{DB1DE891-290D-4C05-8CF2-5C4A0D0BADC7}.Debug|Any CPU.ActiveCfg = Debug|Any CPU
		{DB1DE891-290D-4C05-8CF2-5C4A0D0BADC7}.Debug|Any CPU.Build.0 = Debug|Any CPU
		{DB1DE891-290D-4C05-8CF2-5C4A0D0BADC7}.Debug|x64.ActiveCfg = Debug|Any CPU
		{DB1DE891-290D-4C05-8CF2-5C4A0D0BADC7}.Debug|x64.Build.0 = Debug|Any CPU
		{DB1DE891-290D-4C05-8CF2-5C4A0D0BADC7}.Debug|x86.ActiveCfg = Debug|Any CPU
		{DB1DE891-290D-4C05-8CF2-5C4A0D0BADC7}.Debug|x86.Build.0 = Debug|Any CPU
		{DB1DE891-290D-4C05-8CF2-5C4A0D0BADC7}.Release|Any CPU.ActiveCfg = Release|Any CPU
		{DB1DE891-290D-4C05-8CF2-5C4A0D0BADC7}.Release|Any CPU.Build.0 = Release|Any CPU
		{DB1DE891-290D-4C05-8CF2-5C4A0D0BADC7}.Release|x64.ActiveCfg = Release|Any CPU
		{DB1DE891-290D-4C05-8CF2-5C4A0D0BADC7}.Release|x64.Build.0 = Release|Any CPU
		{DB1DE891-290D-4C05-8CF2-5C4A0D0BADC7}.Release|x86.ActiveCfg = Release|Any CPU
		{DB1DE891-290D-4C05-8CF2-5C4A0D0BADC7}.Release|x86.Build.0 = Release|Any CPU
		{E496D761-A8FF-4739-ADD1-5E7388DDA50D}.Debug|Any CPU.ActiveCfg = Debug|Any CPU
		{E496D761-A8FF-4739-ADD1-5E7388DDA50D}.Debug|Any CPU.Build.0 = Debug|Any CPU
		{E496D761-A8FF-4739-ADD1-5E7388DDA50D}.Debug|x64.ActiveCfg = Debug|Any CPU
		{E496D761-A8FF-4739-ADD1-5E7388DDA50D}.Debug|x64.Build.0 = Debug|Any CPU
		{E496D761-A8FF-4739-ADD1-5E7388DDA50D}.Debug|x86.ActiveCfg = Debug|Any CPU
		{E496D761-A8FF-4739-ADD1-5E7388DDA50D}.Debug|x86.Build.0 = Debug|Any CPU
		{E496D761-A8FF-4739-ADD1-5E7388DDA50D}.Release|Any CPU.ActiveCfg = Release|Any CPU
		{E496D761-A8FF-4739-ADD1-5E7388DDA50D}.Release|Any CPU.Build.0 = Release|Any CPU
		{E496D761-A8FF-4739-ADD1-5E7388DDA50D}.Release|x64.ActiveCfg = Release|Any CPU
		{E496D761-A8FF-4739-ADD1-5E7388DDA50D}.Release|x64.Build.0 = Release|Any CPU
		{E496D761-A8FF-4739-ADD1-5E7388DDA50D}.Release|x86.ActiveCfg = Release|Any CPU
		{E496D761-A8FF-4739-ADD1-5E7388DDA50D}.Release|x86.Build.0 = Release|Any CPU
		{3824857B-BF69-3226-9768-5221D8F76CDF}.Debug|Any CPU.ActiveCfg = Debug|Any CPU
		{3824857B-BF69-3226-9768-5221D8F76CDF}.Debug|Any CPU.Build.0 = Debug|Any CPU
		{3824857B-BF69-3226-9768-5221D8F76CDF}.Debug|x64.ActiveCfg = Debug|Any CPU
		{3824857B-BF69-3226-9768-5221D8F76CDF}.Debug|x64.Build.0 = Debug|Any CPU
		{3824857B-BF69-3226-9768-5221D8F76CDF}.Debug|x86.ActiveCfg = Debug|Any CPU
		{3824857B-BF69-3226-9768-5221D8F76CDF}.Debug|x86.Build.0 = Debug|Any CPU
		{3824857B-BF69-3226-9768-5221D8F76CDF}.Release|Any CPU.ActiveCfg = Release|Any CPU
		{3824857B-BF69-3226-9768-5221D8F76CDF}.Release|Any CPU.Build.0 = Release|Any CPU
		{3824857B-BF69-3226-9768-5221D8F76CDF}.Release|x64.ActiveCfg = Release|Any CPU
		{3824857B-BF69-3226-9768-5221D8F76CDF}.Release|x64.Build.0 = Release|Any CPU
		{3824857B-BF69-3226-9768-5221D8F76CDF}.Release|x86.ActiveCfg = Release|Any CPU
		{3824857B-BF69-3226-9768-5221D8F76CDF}.Release|x86.Build.0 = Release|Any CPU
	EndGlobalSection
	GlobalSection(SolutionProperties) = preSolution
		HideSolutionNode = FALSE
	EndGlobalSection
	GlobalSection(NestedProjects) = preSolution
		{27EEA523-AC8B-487F-B52F-2B7C1620D9C7} = {827E0CD3-B72D-47B6-A68D-7590B98EB39B}
		{71D2940D-F07F-4DB5-9F2E-C9962E1B8D2F} = {827E0CD3-B72D-47B6-A68D-7590B98EB39B}
		{5EE7C1BF-BF9A-4836-9547-B3E23EF79C1D} = {827E0CD3-B72D-47B6-A68D-7590B98EB39B}
		{D582261B-F144-4FBE-AF2B-B922C4F527DD} = {827E0CD3-B72D-47B6-A68D-7590B98EB39B}
		{DB1DE891-290D-4C05-8CF2-5C4A0D0BADC7} = {827E0CD3-B72D-47B6-A68D-7590B98EB39B}
		{E496D761-A8FF-4739-ADD1-5E7388DDA50D} = {827E0CD3-B72D-47B6-A68D-7590B98EB39B}
	EndGlobalSection
	GlobalSection(ExtensibilityGlobals) = postSolution
		SolutionGuid = {825C5B25-1DBD-4B56-98FB-C2367BB0755D}
	EndGlobalSection
EndGlobal
